# THIS IS AN AUTOGENERATED FILE. DO NOT EDIT THIS FILE DIRECTLY.
# yarn lockfile v1


array-flatten@0.0.2:
  version "0.0.2"
  resolved "https://registry.yarnpkg.com/array-flatten/-/array-flatten-0.0.2.tgz#51b2f144f36fd656f627740a1fd0ad57979ad6c2"
  integrity sha1-UbLxRPNv1lb2J3QKH9CtV5ea1sI=

array-union@^0.1.0:
  version "0.1.0"
  resolved "https://registry.yarnpkg.com/array-union/-/array-union-0.1.0.tgz#ede98088330665e699e1ebf0227cbc6034e627db"
  integrity sha1-7emAiDMGZeaZ4evwIny8YDTmJ9s=
  dependencies:
    array-uniq "^0.1.0"

array-uniq@^0.1.0:
  version "0.1.1"
  resolved "https://registry.yarnpkg.com/array-uniq/-/array-uniq-0.1.1.tgz#5861f3ed4e4bb6175597a4e078e8aa78ebe958c7"
  integrity sha1-WGHz7U5LthdVl6TgeOiqeOvpWMc=

clone-array@^0.1.1:
  version "0.1.2"
  resolved "https://registry.yarnpkg.com/clone-array/-/clone-array-0.1.2.tgz#dbbf12c8cd31ba80d81244f09cfe80c0bfa79ea7"
  integrity sha1-278SyM0xuoDYEkTwnP6AwL+nnqc=

clone-object@^0.1.0:
  version "0.1.0"
  resolved "https://registry.yarnpkg.com/clone-object/-/clone-object-0.1.0.tgz#a0242c7c305f69e0c65a2aa9d995f5a047825de1"
  integrity sha1-oCQsfDBfaeDGWiqp2ZX1oEeCXeE=

clone-shallow@^0.1.1:
  version "0.1.1"
  resolved "https://registry.yarnpkg.com/clone-shallow/-/clone-shallow-0.1.1.tgz#69b0001dfdbf7042c0bb77bbefd971311c9be4f8"
  integrity sha1-abAAHf2/cELAu3e779lxMRyb5Pg=
  dependencies:
    clone-array "^0.1.1"
    clone-object "^0.1.0"

clone@^0.1.17:
  version "0.1.19"
  resolved "https://registry.yarnpkg.com/clone/-/clone-0.1.19.tgz#613fb68639b26a494ac53253e15b1a6bd88ada85"
  integrity sha1-YT+2hjmyaklKxTJT4Vsaa9iK2oU=

frep@^0.2.1:
  version "0.2.3"
  resolved "https://registry.yarnpkg.com/frep/-/frep-0.2.3.tgz#b7580fa65ea62a1cf8ea1ef7741dee92a8458f7c"
  integrity sha1-t1gPpl6mKhz46h73dB3ukqhFj3w=
  dependencies:
    replacements "^0.1.1"

is-empty@0.0.1:
  version "0.0.1"
  resolved "https://registry.yarnpkg.com/is-empty/-/is-empty-0.0.1.tgz#09fdc3d649dda5969156c0853a9b76bd781c5a33"
  integrity sha1-Cf3D1kndpZaRVsCFOpt2vXgcWjM=

isobject@^0.1.0:
  version "0.1.1"
  resolved "https://registry.yarnpkg.com/isobject/-/isobject-0.1.1.tgz#2ebefb6ec50ed1f60d8bfce607ae9513f919d142"
  integrity sha1-Lr77bsUO0fYNi/zmB66VE/kZ0UI=

replacements@^0.1.1:
  version "0.1.3"
  resolved "https://registry.yarnpkg.com/replacements/-/replacements-0.1.3.tgz#a4151b04105857dc58982300b5f1b9f5ebe0c91d"
  integrity sha1-pBUbBBBYV9xYmCMAtfG59evgyR0=

strings@^0.4.2:
  version "0.4.2"
  resolved "https://registry.yarnpkg.com/strings/-/strings-0.4.2.tgz#e70dd53a6fffdb4b40715586d814970c41bc615c"
  integrity sha1-5w3VOm//20tAcVWG2BSXDEG8YVw=
  dependencies:
    array-flatten "0.0.2"
    array-union "^0.1.0"
    clone "^0.1.17"
    clone-shallow "^0.1.1"
    frep "^0.2.1"
    is-empty "0.0.1"
    isobject "^0.1.0"
    xtend "^3.0.0"

xtend@^3.0.0:
  version "3.0.0"
  resolved "https://registry.yarnpkg.com/xtend/-/xtend-3.0.0.tgz#5cce7407baf642cba7becda568111c493f59665a"
  integrity sha1-XM50B7r2Qsunvs2laBEcST9ZZlo=
